
Microsoft Visual Studio Solution File, Format Version 12.00
# Visual Studio 15
VisualStudioVersion = 15.0.27130.2010
MinimumVisualStudioVersion = 10.0.40219.1
Project("{FAE04EC0-301F-11D3-BF4B-00C04F79EFBC}") = "Vidly", "Vidly\Vidly.csproj", "{DC24B921-047F-4D33-8F00-8CB2AFFC9788}"
EndProject
Project("{FAE04EC0-301F-11D3-BF4B-00C04F79EFBC}") = "Vidly.Tests", "Vidly.Tests\Vidly.Tests.csproj", "{81ECE804-FC52-4392-B49E-8C82B8984841}"
EndProject
Global
	GlobalSection(SolutionConfigurationPlatforms) = preSolution
		Debug|Any CPU = Debug|Any CPU
		Release|Any CPU = Release|Any CPU
	EndGlobalSection
	GlobalSection(ProjectConfigurationPlatforms) = postSolution
		{DC24B921-047F-4D33-8F00-8CB2AFFC9788}.Debug|Any CPU.ActiveCfg = Debug|Any CPU
		{DC24B921-047F-4D33-8F00-8CB2AFFC9788}.Debug|Any CPU.Build.0 = Debug|Any CPU
		{DC24B921-047F-4D33-8F00-8CB2AFFC9788}.Release|Any CPU.ActiveCfg = Release|Any CPU
		{DC24B921-047F-4D33-8F00-8CB2AFFC9788}.Release|Any CPU.Build.0 = Release|Any CPU
		{81ECE804-FC52-4392-B49E-8C82B8984841}.Debug|Any CPU.ActiveCfg = Debug|Any CPU
		{81ECE804-FC52-4392-B49E-8C82B8984841}.Debug|Any CPU.Build.0 = Debug|Any CPU
		{81ECE804-FC52-4392-B49E-8C82B8984841}.Release|Any CPU.ActiveCfg = Release|Any CPU
		{81ECE804-FC52-4392-B49E-8C82B8984841}.Release|Any CPU.Build.0 = Release|Any CPU
	EndGlobalSection
	GlobalSection(SolutionProperties) = preSolution
		HideSolutionNode = FALSE
	EndGlobalSection
	GlobalSection(ExtensibilityGlobals) = postSolution
		SolutionGuid = {DAF192AA-62D9-4592-814E-5D662EAEA9CB}
	EndGlobalSection
EndGlobal
